
Microsoft Visual Studio Solution File, Format Version 12.00
# Visual Studio Version 17
VisualStudioVersion = 17.4.33213.308
MinimumVisualStudioVersion = 10.0.40219.1
Project("{FAE04EC0-301F-11D3-BF4B-00C04F79EFBC}") = "HealthyLife", "HealthyLife_1\HealthyLife.csproj", "{69D60131-46B3-4CE9-A05B-DEE23329BB86}"
EndProject
Global
	GlobalSection(SolutionConfigurationPlatforms) = preSolution
		Debug|Any CPU = Debug|Any CPU
		Release|Any CPU = Release|Any CPU
	EndGlobalSection
	GlobalSection(ProjectConfigurationPlatforms) = postSolution
		{69D60131-46B3-4CE9-A05B-DEE23329BB86}.Debug|Any CPU.ActiveCfg = Debug|Any CPU
		{69D60131-46B3-4CE9-A05B-DEE23329BB86}.Debug|Any CPU.Build.0 = Debug|Any CPU
		{69D60131-46B3-4CE9-A05B-DEE23329BB86}.Release|Any CPU.ActiveCfg = Release|Any CPU
		{69D60131-46B3-4CE9-A05B-DEE23329BB86}.Release|Any CPU.Build.0 = Release|Any CPU
	EndGlobalSection
	GlobalSection(SolutionProperties) = preSolution
		HideSolutionNode = FALSE
	EndGlobalSection
	GlobalSection(ExtensibilityGlobals) = postSolution
		SolutionGuid = {CB37516E-233C-460C-9227-B516278F23D4}
	EndGlobalSection
EndGlobal
