
Microsoft Visual Studio Solution File, Format Version 12.00
# Visual Studio Version 17
VisualStudioVersion = 17.2.32630.192
MinimumVisualStudioVersion = 10.0.40219.1
Project("{8BC9CEB8-8B4A-11D0-8D11-00A0C91BC942}") = "lab", "lab\lab.vcxproj", "{38CFB75E-7B8B-4FE7-8BA4-89D5A9803049}"
EndProject
Project("{8BC9CEB8-8B4A-11D0-8D11-00A0C91BC942}") = "astmbler", "astmbler\astmbler.vcxproj", "{1E32606D-4B99-4DD7-B92E-7DAA85214DC4}"
EndProject
Project("{8BC9CEB8-8B4A-11D0-8D11-00A0C91BC942}") = "Project2", "Project2\Project2.vcxproj", "{49EAF7B7-AF93-419D-ACBC-03AF693523B9}"
EndProject
Global
	GlobalSection(SolutionConfigurationPlatforms) = preSolution
		Debug|x64 = Debug|x64
		Debug|x86 = Debug|x86
		Release|x64 = Release|x64
		Release|x86 = Release|x86
	EndGlobalSection
	GlobalSection(ProjectConfigurationPlatforms) = postSolution
		{38CFB75E-7B8B-4FE7-8BA4-89D5A9803049}.Debug|x64.ActiveCfg = Debug|x64
		{38CFB75E-7B8B-4FE7-8BA4-89D5A9803049}.Debug|x64.Build.0 = Debug|x64
		{38CFB75E-7B8B-4FE7-8BA4-89D5A9803049}.Debug|x86.ActiveCfg = Debug|Win32
		{38CFB75E-7B8B-4FE7-8BA4-89D5A9803049}.Debug|x86.Build.0 = Debug|Win32
		{38CFB75E-7B8B-4FE7-8BA4-89D5A9803049}.Release|x64.ActiveCfg = Release|x64
		{38CFB75E-7B8B-4FE7-8BA4-89D5A9803049}.Release|x64.Build.0 = Release|x64
		{38CFB75E-7B8B-4FE7-8BA4-89D5A9803049}.Release|x86.ActiveCfg = Release|Win32
		{38CFB75E-7B8B-4FE7-8BA4-89D5A9803049}.Release|x86.Build.0 = Release|Win32
		{1E32606D-4B99-4DD7-B92E-7DAA85214DC4}.Debug|x64.ActiveCfg = Debug|x64
		{1E32606D-4B99-4DD7-B92E-7DAA85214DC4}.Debug|x64.Build.0 = Debug|x64
		{1E32606D-4B99-4DD7-B92E-7DAA85214DC4}.Debug|x86.ActiveCfg = Debug|Win32
		{1E32606D-4B99-4DD7-B92E-7DAA85214DC4}.Debug|x86.Build.0 = Debug|Win32
		{1E32606D-4B99-4DD7-B92E-7DAA85214DC4}.Release|x64.ActiveCfg = Release|x64
		{1E32606D-4B99-4DD7-B92E-7DAA85214DC4}.Release|x64.Build.0 = Release|x64
		{1E32606D-4B99-4DD7-B92E-7DAA85214DC4}.Release|x86.ActiveCfg = Release|Win32
		{1E32606D-4B99-4DD7-B92E-7DAA85214DC4}.Release|x86.Build.0 = Release|Win32
		{49EAF7B7-AF93-419D-ACBC-03AF693523B9}.Debug|x64.ActiveCfg = Debug|x64
		{49EAF7B7-AF93-419D-ACBC-03AF693523B9}.Debug|x64.Build.0 = Debug|x64
		{49EAF7B7-AF93-419D-ACBC-03AF693523B9}.Debug|x86.ActiveCfg = Debug|Win32
		{49EAF7B7-AF93-419D-ACBC-03AF693523B9}.Debug|x86.Build.0 = Debug|Win32
		{49EAF7B7-AF93-419D-ACBC-03AF693523B9}.Release|x64.ActiveCfg = Release|x64
		{49EAF7B7-AF93-419D-ACBC-03AF693523B9}.Release|x64.Build.0 = Release|x64
		{49EAF7B7-AF93-419D-ACBC-03AF693523B9}.Release|x86.ActiveCfg = Release|Win32
		{49EAF7B7-AF93-419D-ACBC-03AF693523B9}.Release|x86.Build.0 = Release|Win32
	EndGlobalSection
	GlobalSection(SolutionProperties) = preSolution
		HideSolutionNode = FALSE
	EndGlobalSection
	GlobalSection(ExtensibilityGlobals) = postSolution
		SolutionGuid = {FC8B7D65-D07D-4DF0-AA9B-40496431664F}
	EndGlobalSection
EndGlobal
